
Microsoft Visual Studio Solution File, Format Version 12.00
# Visual Studio Version 17
VisualStudioVersion = 17.11.35208.52
MinimumVisualStudioVersion = 10.0.40219.1
Project("{FAE04EC0-301F-11D3-BF4B-00C04F79EFBC}") = "SimpleCalculator", "SimpleCalculator\SimpleCalculator.csproj", "{39897740-F97D-49EA-A1B8-1F9A5760A5D3}"
EndProject
Global
	GlobalSection(SolutionConfigurationPlatforms) = preSolution
		Debug|Any CPU = Debug|Any CPU
		Release|Any CPU = Release|Any CPU
	EndGlobalSection
	GlobalSection(ProjectConfigurationPlatforms) = postSolution
		{39897740-F97D-49EA-A1B8-1F9A5760A5D3}.Debug|Any CPU.ActiveCfg = Debug|Any CPU
		{39897740-F97D-49EA-A1B8-1F9A5760A5D3}.Debug|Any CPU.Build.0 = Debug|Any CPU
		{39897740-F97D-49EA-A1B8-1F9A5760A5D3}.Release|Any CPU.ActiveCfg = Release|Any CPU
		{39897740-F97D-49EA-A1B8-1F9A5760A5D3}.Release|Any CPU.Build.0 = Release|Any CPU
	EndGlobalSection
	GlobalSection(SolutionProperties) = preSolution
		HideSolutionNode = FALSE
	EndGlobalSection
	GlobalSection(ExtensibilityGlobals) = postSolution
		SolutionGuid = {A5947EDD-5C28-4EAC-8DFC-3B8D3C3B47F2}
	EndGlobalSection
EndGlobal
